
Microsoft Visual Studio Solution File, Format Version 10.00
# Visual Studio 2008
Project("{8BC9CEB8-8B4A-11D0-8D11-00A0C91BC942}") = "sample project", "sample project\sample project.vcproj", "{EC23FB79-175D-4355-81D9-E2708CE34053}"
EndProject
Global
	GlobalSection(SolutionConfigurationPlatforms) = preSolution
		Debug|Win32 = Debug|Win32
		Release|Win32 = Release|Win32
	EndGlobalSection
	GlobalSection(ProjectConfigurationPlatforms) = postSolution
		{EC23FB79-175D-4355-81D9-E2708CE34053}.Debug|Win32.ActiveCfg = Debug|Win32
		{EC23FB79-175D-4355-81D9-E2708CE34053}.Debug|Win32.Build.0 = Debug|Win32
		{EC23FB79-175D-4355-81D9-E2708CE34053}.Release|Win32.ActiveCfg = Release|Win32
		{EC23FB79-175D-4355-81D9-E2708CE34053}.Release|Win32.Build.0 = Release|Win32
	EndGlobalSection
	GlobalSection(SolutionProperties) = preSolution
		HideSolutionNode = FALSE
	EndGlobalSection
EndGlobal
